PODS:
  - dsBridge (3.0.6)
  - Masonry (1.1.0)
  - White-SDK-iOS (1.4.0-Experimental):
    - dsBridge (~> 3.0.2)
    - YYModel (~> 1.0.4)
  - YYModel (1.0.4)

DEPENDENCIES:
  - Masonry
  - White-SDK-iOS (from `../`)

SPEC REPOS:
  https://github.com/cocoapods/specs.git:
    - dsBridge
    - Masonry
    - YYModel

EXTERNAL SOURCES:
  White-SDK-iOS:
    :path: "../"

SPEC CHECKSUMS:
  dsBridge: 48b62ee8a411ad601a88d6f6c8cf6cb634b206b7
  Masonry: 678fab65091a9290e40e2832a55e7ab731aad201
  White-SDK-iOS: 7e83e3873cedd488535ca1e903b2d08388f86993
  YYModel: 2a7fdd96aaa4b86a824e26d0c517de8928c04b30

PODFILE CHECKSUM: d34fa0b84410bb021b12d6322e40057128178b77

COCOAPODS: 1.5.3
