PODS:
  - dsBridge (3.0.2)
  - White-SDK-iOS (1.1.3):
    - dsBridge (~> 3.0.2)
    - YYModel (~> 1.0.4)
  - YYModel (1.0.4)

DEPENDENCIES:
  - White-SDK-iOS (from `../`)

SPEC REPOS:
  https://github.com/cocoapods/specs.git:
    - dsBridge
    - YYModel

EXTERNAL SOURCES:
  White-SDK-iOS:
    :path: "../"

SPEC CHECKSUMS:
  dsBridge: e3f0be728d736724a24503a24b7f82b17acdbb23
  White-SDK-iOS: ac42e7ed8606a7802753208be9266f38f66381b6
  YYModel: 2a7fdd96aaa4b86a824e26d0c517de8928c04b30

PODFILE CHECKSUM: 7b5b8f141280acfdc877151080bec56ff54df21a

COCOAPODS: 1.5.3
